
Microsoft Visual Studio Solution File, Format Version 12.00
# Visual Studio Version 17
VisualStudioVersion = 17.14.36109.1
MinimumVisualStudioVersion = 10.0.40219.1
Project("{2150E333-8FDC-42A3-9474-1A3956D46DE8}") = "src", "src", "{02EA681E-C7D8-13C7-8484-4AC65E1B71E8}"
EndProject
Project("{2150E333-8FDC-42A3-9474-1A3956D46DE8}") = "BuildingBlocks", "BuildingBlocks", "{0BE0F39F-22B8-4AEE-8461-852EC7F19F9B}"
EndProject
Project("{FAE04EC0-301F-11D3-BF4B-00C04F79EFBC}") = "Shared", "BuildingBlocks\Shared\Shared.csproj", "{C815FBBF-10BB-A3BD-335A-D8CD3D742AF3}"
EndProject
Project("{2150E333-8FDC-42A3-9474-1A3956D46DE8}") = "ProductService", "ProductService", "{8C72EEDF-CFBC-4311-934F-3A8EE31D4E57}"
EndProject
Project("{2150E333-8FDC-42A3-9474-1A3956D46DE8}") = "OrderService", "OrderService", "{E259C38D-CC4D-4193-8DE9-4CEE2557D06A}"
EndProject
Project("{2150E333-8FDC-42A3-9474-1A3956D46DE8}") = "InventoryService", "InventoryService", "{5AA23345-91D1-4EC5-9778-510C35F43385}"
EndProject
Project("{2150E333-8FDC-42A3-9474-1A3956D46DE8}") = "PaymentService", "PaymentService", "{A2D5BA33-2B0F-44E0-A4E0-6E4879A6F557}"
EndProject
Project("{2150E333-8FDC-42A3-9474-1A3956D46DE8}") = "CartService", "CartService", "{E7BE788C-EB8E-4210-BEE4-9BA0A0C0A140}"
EndProject
Project("{2150E333-8FDC-42A3-9474-1A3956D46DE8}") = "ShippingService", "ShippingService", "{E6D3EB4C-745C-466C-8767-E1A99168D5D2}"
EndProject
Project("{FAE04EC0-301F-11D3-BF4B-00C04F79EFBC}") = "BuildingBlocks.Messaging", "BuildingBlocks\BuildingBlocks.Messaging\BuildingBlocks.Messaging.csproj", "{729CEC29-9D4B-45EB-827A-E28DB6391A16}"
EndProject
Project("{FAE04EC0-301F-11D3-BF4B-00C04F79EFBC}") = "Domain", "src\ProductService\Domain\Domain.csproj", "{108C15D7-7B1E-23A0-DA10-4A9373272D4A}"
EndProject
Project("{FAE04EC0-301F-11D3-BF4B-00C04F79EFBC}") = "API", "src\ProductService\API\API.csproj", "{5A4248CC-AEFE-E9B2-32C9-A409E099F285}"
EndProject
Project("{FAE04EC0-301F-11D3-BF4B-00C04F79EFBC}") = "Application", "src\ProductService\Application\Application.csproj", "{0A3298C6-6666-4D7B-2470-3A29BA0DC078}"
EndProject
Project("{FAE04EC0-301F-11D3-BF4B-00C04F79EFBC}") = "Infrastructure", "src\ProductService\Infrastructure\Infrastructure.csproj", "{3020B1CB-C99D-3469-C96E-CDF7ECC77F8D}"
EndProject
Project("{E53339B2-1760-4266-BCC7-CA923CBCF16C}") = "docker-compose", "docker-compose.dcproj", "{81DDED9D-158B-E303-5F62-77A2896D2A5A}"
EndProject
Project("{FAE04EC0-301F-11D3-BF4B-00C04F79EFBC}") = "API", "src\InventoryService\API\API.csproj", "{A742E355-476B-10FD-4709-61C392491041}"
EndProject
Project("{FAE04EC0-301F-11D3-BF4B-00C04F79EFBC}") = "Application", "src\InventoryService\Application\Application.csproj", "{FC144D6C-AD3D-4765-71F7-5E012D05A787}"
EndProject
Project("{FAE04EC0-301F-11D3-BF4B-00C04F79EFBC}") = "Domain", "src\InventoryService\Domain\Domain.csproj", "{5BA23BEE-38F0-D574-1E49-B13043C4642C}"
EndProject
Project("{FAE04EC0-301F-11D3-BF4B-00C04F79EFBC}") = "Infrastructure", "src\InventoryService\Infrastructure\Infrastructure.csproj", "{D538750F-65C9-CE23-C301-441CAF7BB5DB}"
EndProject
Project("{FAE04EC0-301F-11D3-BF4B-00C04F79EFBC}") = "API", "src\OrderService\API\API.csproj", "{55ED992D-846D-E78C-D6FE-999E1477B244}"
EndProject
Project("{FAE04EC0-301F-11D3-BF4B-00C04F79EFBC}") = "Application", "src\OrderService\Application\Application.csproj", "{F2F9F129-020C-3FF9-C3D0-19D34A38F881}"
EndProject
Project("{FAE04EC0-301F-11D3-BF4B-00C04F79EFBC}") = "Domain", "src\OrderService\Domain\Domain.csproj", "{91AEAB4C-2C6A-6334-165B-411CCB33F5DA}"
EndProject
Project("{FAE04EC0-301F-11D3-BF4B-00C04F79EFBC}") = "Infrastructure", "src\OrderService\Infrastructure\Infrastructure.csproj", "{59996C4B-2D08-9EF9-77DA-FA7E8A06154D}"
EndProject
Global
	GlobalSection(SolutionConfigurationPlatforms) = preSolution
		Debug|Any CPU = Debug|Any CPU
		Release|Any CPU = Release|Any CPU
	EndGlobalSection
	GlobalSection(ProjectConfigurationPlatforms) = postSolution
		{C815FBBF-10BB-A3BD-335A-D8CD3D742AF3}.Debug|Any CPU.ActiveCfg = Debug|Any CPU
		{C815FBBF-10BB-A3BD-335A-D8CD3D742AF3}.Debug|Any CPU.Build.0 = Debug|Any CPU
		{C815FBBF-10BB-A3BD-335A-D8CD3D742AF3}.Release|Any CPU.ActiveCfg = Release|Any CPU
		{C815FBBF-10BB-A3BD-335A-D8CD3D742AF3}.Release|Any CPU.Build.0 = Release|Any CPU
		{729CEC29-9D4B-45EB-827A-E28DB6391A16}.Debug|Any CPU.ActiveCfg = Debug|Any CPU
		{729CEC29-9D4B-45EB-827A-E28DB6391A16}.Debug|Any CPU.Build.0 = Debug|Any CPU
		{729CEC29-9D4B-45EB-827A-E28DB6391A16}.Release|Any CPU.ActiveCfg = Release|Any CPU
		{729CEC29-9D4B-45EB-827A-E28DB6391A16}.Release|Any CPU.Build.0 = Release|Any CPU
		{108C15D7-7B1E-23A0-DA10-4A9373272D4A}.Debug|Any CPU.ActiveCfg = Debug|Any CPU
		{108C15D7-7B1E-23A0-DA10-4A9373272D4A}.Debug|Any CPU.Build.0 = Debug|Any CPU
		{108C15D7-7B1E-23A0-DA10-4A9373272D4A}.Release|Any CPU.ActiveCfg = Release|Any CPU
		{108C15D7-7B1E-23A0-DA10-4A9373272D4A}.Release|Any CPU.Build.0 = Release|Any CPU
		{5A4248CC-AEFE-E9B2-32C9-A409E099F285}.Debug|Any CPU.ActiveCfg = Debug|Any CPU
		{5A4248CC-AEFE-E9B2-32C9-A409E099F285}.Debug|Any CPU.Build.0 = Debug|Any CPU
		{5A4248CC-AEFE-E9B2-32C9-A409E099F285}.Release|Any CPU.ActiveCfg = Release|Any CPU
		{5A4248CC-AEFE-E9B2-32C9-A409E099F285}.Release|Any CPU.Build.0 = Release|Any CPU
		{0A3298C6-6666-4D7B-2470-3A29BA0DC078}.Debug|Any CPU.ActiveCfg = Debug|Any CPU
		{0A3298C6-6666-4D7B-2470-3A29BA0DC078}.Debug|Any CPU.Build.0 = Debug|Any CPU
		{0A3298C6-6666-4D7B-2470-3A29BA0DC078}.Release|Any CPU.ActiveCfg = Release|Any CPU
		{0A3298C6-6666-4D7B-2470-3A29BA0DC078}.Release|Any CPU.Build.0 = Release|Any CPU
		{3020B1CB-C99D-3469-C96E-CDF7ECC77F8D}.Debug|Any CPU.ActiveCfg = Debug|Any CPU
		{3020B1CB-C99D-3469-C96E-CDF7ECC77F8D}.Debug|Any CPU.Build.0 = Debug|Any CPU
		{3020B1CB-C99D-3469-C96E-CDF7ECC77F8D}.Release|Any CPU.ActiveCfg = Release|Any CPU
		{3020B1CB-C99D-3469-C96E-CDF7ECC77F8D}.Release|Any CPU.Build.0 = Release|Any CPU
		{81DDED9D-158B-E303-5F62-77A2896D2A5A}.Debug|Any CPU.ActiveCfg = Debug|Any CPU
		{81DDED9D-158B-E303-5F62-77A2896D2A5A}.Debug|Any CPU.Build.0 = Debug|Any CPU
		{81DDED9D-158B-E303-5F62-77A2896D2A5A}.Release|Any CPU.ActiveCfg = Release|Any CPU
		{81DDED9D-158B-E303-5F62-77A2896D2A5A}.Release|Any CPU.Build.0 = Release|Any CPU
		{A742E355-476B-10FD-4709-61C392491041}.Debug|Any CPU.ActiveCfg = Debug|Any CPU
		{A742E355-476B-10FD-4709-61C392491041}.Debug|Any CPU.Build.0 = Debug|Any CPU
		{A742E355-476B-10FD-4709-61C392491041}.Release|Any CPU.ActiveCfg = Release|Any CPU
		{A742E355-476B-10FD-4709-61C392491041}.Release|Any CPU.Build.0 = Release|Any CPU
		{FC144D6C-AD3D-4765-71F7-5E012D05A787}.Debug|Any CPU.ActiveCfg = Debug|Any CPU
		{FC144D6C-AD3D-4765-71F7-5E012D05A787}.Debug|Any CPU.Build.0 = Debug|Any CPU
		{FC144D6C-AD3D-4765-71F7-5E012D05A787}.Release|Any CPU.ActiveCfg = Release|Any CPU
		{FC144D6C-AD3D-4765-71F7-5E012D05A787}.Release|Any CPU.Build.0 = Release|Any CPU
		{5BA23BEE-38F0-D574-1E49-B13043C4642C}.Debug|Any CPU.ActiveCfg = Debug|Any CPU
		{5BA23BEE-38F0-D574-1E49-B13043C4642C}.Debug|Any CPU.Build.0 = Debug|Any CPU
		{5BA23BEE-38F0-D574-1E49-B13043C4642C}.Release|Any CPU.ActiveCfg = Release|Any CPU
		{5BA23BEE-38F0-D574-1E49-B13043C4642C}.Release|Any CPU.Build.0 = Release|Any CPU
		{D538750F-65C9-CE23-C301-441CAF7BB5DB}.Debug|Any CPU.ActiveCfg = Debug|Any CPU
		{D538750F-65C9-CE23-C301-441CAF7BB5DB}.Debug|Any CPU.Build.0 = Debug|Any CPU
		{D538750F-65C9-CE23-C301-441CAF7BB5DB}.Release|Any CPU.ActiveCfg = Release|Any CPU
		{D538750F-65C9-CE23-C301-441CAF7BB5DB}.Release|Any CPU.Build.0 = Release|Any CPU
		{55ED992D-846D-E78C-D6FE-999E1477B244}.Debug|Any CPU.ActiveCfg = Debug|Any CPU
		{55ED992D-846D-E78C-D6FE-999E1477B244}.Debug|Any CPU.Build.0 = Debug|Any CPU
		{55ED992D-846D-E78C-D6FE-999E1477B244}.Release|Any CPU.ActiveCfg = Release|Any CPU
		{55ED992D-846D-E78C-D6FE-999E1477B244}.Release|Any CPU.Build.0 = Release|Any CPU
		{F2F9F129-020C-3FF9-C3D0-19D34A38F881}.Debug|Any CPU.ActiveCfg = Debug|Any CPU
		{F2F9F129-020C-3FF9-C3D0-19D34A38F881}.Debug|Any CPU.Build.0 = Debug|Any CPU
		{F2F9F129-020C-3FF9-C3D0-19D34A38F881}.Release|Any CPU.ActiveCfg = Release|Any CPU
		{F2F9F129-020C-3FF9-C3D0-19D34A38F881}.Release|Any CPU.Build.0 = Release|Any CPU
		{91AEAB4C-2C6A-6334-165B-411CCB33F5DA}.Debug|Any CPU.ActiveCfg = Debug|Any CPU
		{91AEAB4C-2C6A-6334-165B-411CCB33F5DA}.Debug|Any CPU.Build.0 = Debug|Any CPU
		{91AEAB4C-2C6A-6334-165B-411CCB33F5DA}.Release|Any CPU.ActiveCfg = Release|Any CPU
		{91AEAB4C-2C6A-6334-165B-411CCB33F5DA}.Release|Any CPU.Build.0 = Release|Any CPU
		{59996C4B-2D08-9EF9-77DA-FA7E8A06154D}.Debug|Any CPU.ActiveCfg = Debug|Any CPU
		{59996C4B-2D08-9EF9-77DA-FA7E8A06154D}.Debug|Any CPU.Build.0 = Debug|Any CPU
		{59996C4B-2D08-9EF9-77DA-FA7E8A06154D}.Release|Any CPU.ActiveCfg = Release|Any CPU
		{59996C4B-2D08-9EF9-77DA-FA7E8A06154D}.Release|Any CPU.Build.0 = Release|Any CPU
	EndGlobalSection
	GlobalSection(SolutionProperties) = preSolution
		HideSolutionNode = FALSE
	EndGlobalSection
	GlobalSection(NestedProjects) = preSolution
		{C815FBBF-10BB-A3BD-335A-D8CD3D742AF3} = {0BE0F39F-22B8-4AEE-8461-852EC7F19F9B}
		{8C72EEDF-CFBC-4311-934F-3A8EE31D4E57} = {02EA681E-C7D8-13C7-8484-4AC65E1B71E8}
		{E259C38D-CC4D-4193-8DE9-4CEE2557D06A} = {02EA681E-C7D8-13C7-8484-4AC65E1B71E8}
		{5AA23345-91D1-4EC5-9778-510C35F43385} = {02EA681E-C7D8-13C7-8484-4AC65E1B71E8}
		{A2D5BA33-2B0F-44E0-A4E0-6E4879A6F557} = {02EA681E-C7D8-13C7-8484-4AC65E1B71E8}
		{E7BE788C-EB8E-4210-BEE4-9BA0A0C0A140} = {02EA681E-C7D8-13C7-8484-4AC65E1B71E8}
		{E6D3EB4C-745C-466C-8767-E1A99168D5D2} = {02EA681E-C7D8-13C7-8484-4AC65E1B71E8}
		{729CEC29-9D4B-45EB-827A-E28DB6391A16} = {0BE0F39F-22B8-4AEE-8461-852EC7F19F9B}
		{108C15D7-7B1E-23A0-DA10-4A9373272D4A} = {8C72EEDF-CFBC-4311-934F-3A8EE31D4E57}
		{5A4248CC-AEFE-E9B2-32C9-A409E099F285} = {8C72EEDF-CFBC-4311-934F-3A8EE31D4E57}
		{0A3298C6-6666-4D7B-2470-3A29BA0DC078} = {8C72EEDF-CFBC-4311-934F-3A8EE31D4E57}
		{3020B1CB-C99D-3469-C96E-CDF7ECC77F8D} = {8C72EEDF-CFBC-4311-934F-3A8EE31D4E57}
		{A742E355-476B-10FD-4709-61C392491041} = {5AA23345-91D1-4EC5-9778-510C35F43385}
		{FC144D6C-AD3D-4765-71F7-5E012D05A787} = {5AA23345-91D1-4EC5-9778-510C35F43385}
		{5BA23BEE-38F0-D574-1E49-B13043C4642C} = {5AA23345-91D1-4EC5-9778-510C35F43385}
		{D538750F-65C9-CE23-C301-441CAF7BB5DB} = {5AA23345-91D1-4EC5-9778-510C35F43385}
		{55ED992D-846D-E78C-D6FE-999E1477B244} = {E259C38D-CC4D-4193-8DE9-4CEE2557D06A}
		{F2F9F129-020C-3FF9-C3D0-19D34A38F881} = {E259C38D-CC4D-4193-8DE9-4CEE2557D06A}
		{91AEAB4C-2C6A-6334-165B-411CCB33F5DA} = {E259C38D-CC4D-4193-8DE9-4CEE2557D06A}
		{59996C4B-2D08-9EF9-77DA-FA7E8A06154D} = {E259C38D-CC4D-4193-8DE9-4CEE2557D06A}
	EndGlobalSection
	GlobalSection(ExtensibilityGlobals) = postSolution
		SolutionGuid = {B1BF64CD-5B4D-4EA8-B19F-6801A58ECE27}
	EndGlobalSection
EndGlobal
